
Microsoft Visual Studio Solution File, Format Version 12.00
# Visual Studio Version 16
VisualStudioVersion = 16.0.30711.63
MinimumVisualStudioVersion = 10.0.40219.1
Project("{FAE04EC0-301F-11D3-BF4B-00C04F79EFBC}") = "Day21Lists", "Day21Lists.csproj", "{BAD267A5-BD85-4D66-801D-8482DBB68ABE}"
EndProject
Global
	GlobalSection(SolutionConfigurationPlatforms) = preSolution
		Debug|Any CPU = Debug|Any CPU
		Release|Any CPU = Release|Any CPU
	EndGlobalSection
	GlobalSection(ProjectConfigurationPlatforms) = postSolution
		{BAD267A5-BD85-4D66-801D-8482DBB68ABE}.Debug|Any CPU.ActiveCfg = Debug|Any CPU
		{BAD267A5-BD85-4D66-801D-8482DBB68ABE}.Debug|Any CPU.Build.0 = Debug|Any CPU
		{BAD267A5-BD85-4D66-801D-8482DBB68ABE}.Release|Any CPU.ActiveCfg = Release|Any CPU
		{BAD267A5-BD85-4D66-801D-8482DBB68ABE}.Release|Any CPU.Build.0 = Release|Any CPU
	EndGlobalSection
	GlobalSection(SolutionProperties) = preSolution
		HideSolutionNode = FALSE
	EndGlobalSection
	GlobalSection(ExtensibilityGlobals) = postSolution
		SolutionGuid = {3A6CECF3-F929-45AE-B3BA-8E7291A22B7F}
	EndGlobalSection
EndGlobal
